
Microsoft Visual Studio Solution File, Format Version 12.00
# Visual Studio 15
VisualStudioVersion = 15.0.27004.2006
MinimumVisualStudioVersion = 10.0.40219.1
Project("{2150E333-8FDC-42A3-9474-1A3956D46DE8}") = "Global Solution Items", "Global Solution Items", "{F8AFD087-58B7-4F2F-B297-7D70B3C209C8}"
EndProject
Project("{2150E333-8FDC-42A3-9474-1A3956D46DE8}") = "Orders BC", "Orders BC", "{7BF91122-3DFA-49DF-9FCC-04B144A3FA86}"
EndProject
Project("{2150E333-8FDC-42A3-9474-1A3956D46DE8}") = "Menu BC", "Menu BC", "{CCD2109F-2419-473F-84E8-B1C1CFE61687}"
EndProject
Project("{2150E333-8FDC-42A3-9474-1A3956D46DE8}") = "Authentication BC", "Authentication BC", "{5FB17EED-00ED-473A-93AF-22A799CA1D02}"
EndProject
Project("{2150E333-8FDC-42A3-9474-1A3956D46DE8}") = "Presentation", "Presentation", "{0AB2402D-091A-4BD6-80A1-0830E8D372EA}"
EndProject
Project("{2150E333-8FDC-42A3-9474-1A3956D46DE8}") = "Service", "Service", "{0AEFFBBC-D5D7-4006-A2EE-0BD73D9985F3}"
EndProject
Project("{2150E333-8FDC-42A3-9474-1A3956D46DE8}") = "Data Access", "Data Access", "{3AACBD72-D847-44DD-B361-EE9E8AD35E35}"
EndProject
Project("{2150E333-8FDC-42A3-9474-1A3956D46DE8}") = "Domain", "Domain", "{71742D49-3BE2-4AFC-9819-8292661DF82D}"
EndProject
Project("{9A19103F-16F7-4668-BE54-9A1E7A4F7556}") = "MaginusLunch.Orders.Domain", "MaginusLunch.Orders.Domain\MaginusLunch.Orders.Domain.csproj", "{DBA7C858-859E-48F6-B74B-C04FD936B6ED}"
EndProject
Project("{9A19103F-16F7-4668-BE54-9A1E7A4F7556}") = "MaginusLunch.Orders.Repository", "MaginusLunch.Orders.Repository\MaginusLunch.Orders.Repository.csproj", "{539FDC44-CA4F-4030-AF41-4369B75FC90E}"
EndProject
Project("{9A19103F-16F7-4668-BE54-9A1E7A4F7556}") = "MaginusLunch.Orders.Service", "MaginusLunch.Orders.Service\MaginusLunch.Orders.Service.csproj", "{6DA4E304-9EF0-441B-9C31-42EE2FD2CE43}"
EndProject
Project("{9A19103F-16F7-4668-BE54-9A1E7A4F7556}") = "MaginusLunch.Orders.Service.UnitTests", "MaginusLunch.Orders.Service.UnitTests\MaginusLunch.Orders.Service.UnitTests.csproj", "{7692414C-B754-4EC5-88C9-7CC4D8B1DC12}"
EndProject
Project("{9A19103F-16F7-4668-BE54-9A1E7A4F7556}") = "MaginusLunch.Orders.Repository.IntegrationTests", "MaginusLunch.Orders.Repository.IntegrationTests\MaginusLunch.Orders.Repository.IntegrationTests.csproj", "{129791BD-6BAD-4778-AD6A-91417DBD0782}"
EndProject
Project("{9A19103F-16F7-4668-BE54-9A1E7A4F7556}") = "MaginusLunch.Orders.Domain.UnitTests", "MaginusLunch.Orders.Domain.UnitTests\MaginusLunch.Orders.Domain.UnitTests.csproj", "{84B980A0-A75A-48DD-BAC6-06524C601AD6}"
EndProject
Project("{2150E333-8FDC-42A3-9474-1A3956D46DE8}") = "Infrastructure", "Infrastructure", "{2BA4805A-5076-4799-AB6E-DCFCC04EAAA8}"
EndProject
Project("{9A19103F-16F7-4668-BE54-9A1E7A4F7556}") = "MaginusLunch.Logging.Log4Net", "MaginusLunch.Logging.Log4Net\MaginusLunch.Logging.Log4Net.csproj", "{A49BC18B-A24A-4461-8AD6-0EEA76CFE30E}"
EndProject
Project("{9A19103F-16F7-4668-BE54-9A1E7A4F7556}") = "MaginusLunch.Logging.Log4Net.IntegrationTests", "MaginusLunch.Logging.Log4Net.IntegrationTests\MaginusLunch.Logging.Log4Net.IntegrationTests.csproj", "{10B465DD-F2B6-427A-B22F-F73D3A0CC2E6}"
EndProject
Project("{9A19103F-16F7-4668-BE54-9A1E7A4F7556}") = "MaginusLunch.Logging.Serilog", "MaginusLunch.Logging.Serilog\MaginusLunch.Logging.Serilog.csproj", "{FB7CF1B3-AECC-4839-989C-A4C28AAF4549}"
EndProject
Project("{9A19103F-16F7-4668-BE54-9A1E7A4F7556}") = "MaginusLunch.Logging.Serilog.IntegrationTests", "MaginusLunch.Logging.Serilog.IntegrationTests\MaginusLunch.Logging.Serilog.IntegrationTests.csproj", "{3EE3A436-6A3D-43D2-A91D-52ACDB0B23EB}"
EndProject
Project("{9A19103F-16F7-4668-BE54-9A1E7A4F7556}") = "MaginusLunch.Core", "MaginusLunch.Core\MaginusLunch.Core.csproj", "{7FEA645E-E8C5-4F02-A003-65DDBFB17DC3}"
EndProject
Project("{9A19103F-16F7-4668-BE54-9A1E7A4F7556}") = "MaginusLunch.MongoDB", "MaginusLunch.MongoDB\MaginusLunch.MongoDB.csproj", "{548C2CC9-AB18-4730-A87B-B766A5CC967B}"
EndProject
Project("{9A19103F-16F7-4668-BE54-9A1E7A4F7556}") = "MaginusLunch.Core.UnitTests", "MaginusLunch.Core.UnitTests\MaginusLunch.Core.UnitTests.csproj", "{01174D61-FDAB-4F19-9D77-1D5C9876EC91}"
EndProject
Project("{9A19103F-16F7-4668-BE54-9A1E7A4F7556}") = "MaginusLunch.MongoDB.IntegrationTests", "MaginusLunch.MongoDB.IntegrationTests\MaginusLunch.MongoDB.IntegrationTests.csproj", "{5EA9C19E-194B-4C9B-86FD-9C79190937A7}"
EndProject
Project("{9A19103F-16F7-4668-BE54-9A1E7A4F7556}") = "MaginusLunch.Logging.MicrosoftLogging", "MaginusLunch.Logging.MicrosoftLogging\MaginusLunch.Logging.MicrosoftLogging.csproj", "{C3BD8E3C-EAA2-477B-8B5F-466438441A62}"
EndProject
Project("{9A19103F-16F7-4668-BE54-9A1E7A4F7556}") = "MaginusLunch.Logging.MicrosoftLogging.IntegrationTests", "MaginusLunch.Logging.MicrosoftLogging.IntegrationTests\MaginusLunch.Logging.MicrosoftLogging.IntegrationTests.csproj", "{D9E6468B-BF9C-409A-BD76-F612BFD9A4E5}"
EndProject
Project("{9A19103F-16F7-4668-BE54-9A1E7A4F7556}") = "MaginusLunch.Orders.Messages", "MaginusLunch.Orders.Messages\MaginusLunch.Orders.Messages.csproj", "{2CC26F25-0D2B-4F03-83D0-52F4E7981D2A}"
EndProject
Project("{9A19103F-16F7-4668-BE54-9A1E7A4F7556}") = "MaginusLunch.Orders.Service.IntegrationTests", "MaginusLunch.Orders.Service.IntegrationTests\MaginusLunch.Orders.Service.IntegrationTests.csproj", "{B7F11F84-0D45-4757-A6E9-583281E6B490}"
EndProject
Project("{9A19103F-16F7-4668-BE54-9A1E7A4F7556}") = "MaginusLunch.Orders.Repository.MongoDB", "MaginusLunch.Orders.Repository.MongoDB\MaginusLunch.Orders.Repository.MongoDB.csproj", "{AC3505C9-94B5-4B1B-9AF9-0050D0E2C42D}"
EndProject
Project("{9A19103F-16F7-4668-BE54-9A1E7A4F7556}") = "MaginusLunch.GetEventStore", "MaginusLunch.GetEventStore\MaginusLunch.GetEventStore.csproj", "{49F856D2-1369-4411-93FF-612E6AD7FECB}"
EndProject
Project("{9A19103F-16F7-4668-BE54-9A1E7A4F7556}") = "MaginusLunch.GetEventStore.UnitTests", "MaginusLunch.GetEventStore.UnitTests\MaginusLunch.GetEventStore.UnitTests.csproj", "{3451FCF4-9FCB-4891-8152-45189DCC2C42}"
EndProject
Project("{9A19103F-16F7-4668-BE54-9A1E7A4F7556}") = "MaginusLunch.GetEventStore.IntegrationTests", "MaginusLunch.GetEventStore.IntegrationTests\MaginusLunch.GetEventStore.IntegrationTests.csproj", "{ED3E069A-25ED-42EF-93E9-21F372343505}"
EndProject
Project("{9A19103F-16F7-4668-BE54-9A1E7A4F7556}") = "MaginusLunch.Orders.Denormalizer", "MaginusLunch.Orders.Denormalizer\MaginusLunch.Orders.Denormalizer.csproj", "{FE971CC0-C41D-47AF-8098-D793F0C273FC}"
EndProject
Project("{2150E333-8FDC-42A3-9474-1A3956D46DE8}") = "Console", "Console", "{F1DCCB79-94F1-4F01-88E8-E8D79715AED9}"
EndProject
Project("{9A19103F-16F7-4668-BE54-9A1E7A4F7556}") = "MaginusLunch.Orders.Denormalizer.Console", "MaginusLunch.Orders.Denormalizer.Console\MaginusLunch.Orders.Denormalizer.Console.csproj", "{2A02DCF8-674E-4BD9-90AD-F240CA17D423}"
EndProject
Project("{9A19103F-16F7-4668-BE54-9A1E7A4F7556}") = "MaginusLunch.Orders.Denormalizer.Console.IntegrationTests", "MaginusLunch.Orders.Denormalizer.Console.IntegrationTests\MaginusLunch.Orders.Denormalizer.Console.IntegrationTests.csproj", "{476BF15A-AFBC-4973-A475-C4DE63EC9A37}"
EndProject
Project("{FAE04EC0-301F-11D3-BF4B-00C04F79EFBC}") = "MaginusLunch.Orders.SystemTests", "MaginusLunch.Orders.SystemTests\MaginusLunch.Orders.SystemTests.csproj", "{1B3517B8-37E4-44AD-B476-0736F9C5F6C5}"
EndProject
Project("{2150E333-8FDC-42A3-9474-1A3956D46DE8}") = "IdentityServer", "IdentityServer", "{6D88CD21-20E6-4C7E-8D3A-D576D30849A1}"
EndProject
Project("{9A19103F-16F7-4668-BE54-9A1E7A4F7556}") = "MaginusLunch.Authentication.IdentityServer", "MaginusLunch.Authentication.IdentityServer\MaginusLunch.Authentication.IdentityServer.csproj", "{B7A58DEE-8DF4-4DDB-A15E-DB510DAE0B6B}"
EndProject
Project("{2150E333-8FDC-42A3-9474-1A3956D46DE8}") = "Web", "Web", "{C614E3FC-D4FD-466E-A3D5-408A49E3043F}"
EndProject
Project("{9A19103F-16F7-4668-BE54-9A1E7A4F7556}") = "MaginusLunch.Orders.API", "MaginusLunch.Orders.API\MaginusLunch.Orders.API.csproj", "{995FAD5B-29BB-496E-9B49-6811C7515BCA}"
EndProject
Project("{9A19103F-16F7-4668-BE54-9A1E7A4F7556}") = "MaginusLunch.Orders.API.IntegrationTests", "MaginusLunch.Orders.API.IntegrationTests\MaginusLunch.Orders.API.IntegrationTests.csproj", "{F982B258-09C5-49B1-82F6-5008D3E67C17}"
EndProject
Project("{9A19103F-16F7-4668-BE54-9A1E7A4F7556}") = "MaginusLunch.Orders.API.UnitTests", "MaginusLunch.Orders.API.UnitTests\MaginusLunch.Orders.API.UnitTests.csproj", "{B5AAF8FA-5B92-4D92-A923-9F540B761094}"
EndProject
Project("{2150E333-8FDC-42A3-9474-1A3956D46DE8}") = "Data Access", "Data Access", "{18208D2F-994C-42E3-94F0-445231C1FBF7}"
EndProject
Project("{2150E333-8FDC-42A3-9474-1A3956D46DE8}") = "Domain", "Domain", "{3CCC64BE-EC38-4893-AC1E-52A58082850A}"
EndProject
Project("{2150E333-8FDC-42A3-9474-1A3956D46DE8}") = "Presentation", "Presentation", "{56B16399-CCE2-43BC-A153-C731AFCB7831}"
EndProject
Project("{2150E333-8FDC-42A3-9474-1A3956D46DE8}") = "Service", "Service", "{0FD5A6AA-94F2-4F2F-9FDA-386F89FECAF1}"
EndProject
Project("{9A19103F-16F7-4668-BE54-9A1E7A4F7556}") = "MaginusLunch.Menu.Domain", "MaginusLunch.Menu.Domain\MaginusLunch.Menu.Domain.csproj", "{99781EE1-87B3-4A84-B530-CAD525F04F44}"
EndProject
Project("{9A19103F-16F7-4668-BE54-9A1E7A4F7556}") = "MaginusLunch.Menu.Messages", "MaginusLunch.Menu.Messages\MaginusLunch.Menu.Messages.csproj", "{637D5D9C-0E71-4D82-9DDD-B855BDAB8B63}"
EndProject
Project("{9A19103F-16F7-4668-BE54-9A1E7A4F7556}") = "MaginusLunch.Menu.Repository", "MaginusLunch.Menu.Repository\MaginusLunch.Menu.Repository.csproj", "{A0AC3C94-127C-4F6B-B6C2-FE352C91C878}"
EndProject
Project("{9A19103F-16F7-4668-BE54-9A1E7A4F7556}") = "MaginusLunch.Menu.Repository.MongoDB", "MaginusLunch.Menu.Repository.MongoDB\MaginusLunch.Menu.Repository.MongoDB.csproj", "{E0EB5425-B155-4E48-9DB5-54392C07816F}"
EndProject
Project("{9A19103F-16F7-4668-BE54-9A1E7A4F7556}") = "MaginusLunch.Menu.Service", "MaginusLunch.Menu.Service\MaginusLunch.Menu.Service.csproj", "{9144D54A-2096-43D7-BB85-7BFCBAA8E87E}"
EndProject
Project("{2150E333-8FDC-42A3-9474-1A3956D46DE8}") = "Console", "Console", "{1D05956C-401E-48AF-9A07-14242B6C3E54}"
EndProject
Project("{2150E333-8FDC-42A3-9474-1A3956D46DE8}") = "Web", "Web", "{37122071-4B56-4BDD-8A94-41DC9BD0369F}"
EndProject
Project("{FAE04EC0-301F-11D3-BF4B-00C04F79EFBC}") = "MaginusLunch.Menu.API", "MaginusLunch.Menu.API\MaginusLunch.Menu.API.csproj", "{F1BE1C40-B8D4-450E-9E45-BA9B2B4A22BD}"
EndProject
Project("{FAE04EC0-301F-11D3-BF4B-00C04F79EFBC}") = "MaginusLunch.Core.AspNet", "MaginusLunch.Core.AspNet\MaginusLunch.Core.AspNet.csproj", "{5F8637EC-0D59-46A0-BC74-FD358AD80A36}"
EndProject
Global
	GlobalSection(SolutionConfigurationPlatforms) = preSolution
		Debug|Any CPU = Debug|Any CPU
		Release|Any CPU = Release|Any CPU
	EndGlobalSection
	GlobalSection(ProjectConfigurationPlatforms) = postSolution
		{DBA7C858-859E-48F6-B74B-C04FD936B6ED}.Debug|Any CPU.ActiveCfg = Debug|Any CPU
		{DBA7C858-859E-48F6-B74B-C04FD936B6ED}.Debug|Any CPU.Build.0 = Debug|Any CPU
		{DBA7C858-859E-48F6-B74B-C04FD936B6ED}.Release|Any CPU.ActiveCfg = Release|Any CPU
		{DBA7C858-859E-48F6-B74B-C04FD936B6ED}.Release|Any CPU.Build.0 = Release|Any CPU
		{539FDC44-CA4F-4030-AF41-4369B75FC90E}.Debug|Any CPU.ActiveCfg = Debug|Any CPU
		{539FDC44-CA4F-4030-AF41-4369B75FC90E}.Debug|Any CPU.Build.0 = Debug|Any CPU
		{539FDC44-CA4F-4030-AF41-4369B75FC90E}.Release|Any CPU.ActiveCfg = Release|Any CPU
		{539FDC44-CA4F-4030-AF41-4369B75FC90E}.Release|Any CPU.Build.0 = Release|Any CPU
		{6DA4E304-9EF0-441B-9C31-42EE2FD2CE43}.Debug|Any CPU.ActiveCfg = Debug|Any CPU
		{6DA4E304-9EF0-441B-9C31-42EE2FD2CE43}.Debug|Any CPU.Build.0 = Debug|Any CPU
		{6DA4E304-9EF0-441B-9C31-42EE2FD2CE43}.Release|Any CPU.ActiveCfg = Release|Any CPU
		{6DA4E304-9EF0-441B-9C31-42EE2FD2CE43}.Release|Any CPU.Build.0 = Release|Any CPU
		{7692414C-B754-4EC5-88C9-7CC4D8B1DC12}.Debug|Any CPU.ActiveCfg = Debug|Any CPU
		{7692414C-B754-4EC5-88C9-7CC4D8B1DC12}.Debug|Any CPU.Build.0 = Debug|Any CPU
		{7692414C-B754-4EC5-88C9-7CC4D8B1DC12}.Release|Any CPU.ActiveCfg = Release|Any CPU
		{7692414C-B754-4EC5-88C9-7CC4D8B1DC12}.Release|Any CPU.Build.0 = Release|Any CPU
		{129791BD-6BAD-4778-AD6A-91417DBD0782}.Debug|Any CPU.ActiveCfg = Debug|Any CPU
		{129791BD-6BAD-4778-AD6A-91417DBD0782}.Debug|Any CPU.Build.0 = Debug|Any CPU
		{129791BD-6BAD-4778-AD6A-91417DBD0782}.Release|Any CPU.ActiveCfg = Release|Any CPU
		{129791BD-6BAD-4778-AD6A-91417DBD0782}.Release|Any CPU.Build.0 = Release|Any CPU
		{84B980A0-A75A-48DD-BAC6-06524C601AD6}.Debug|Any CPU.ActiveCfg = Debug|Any CPU
		{84B980A0-A75A-48DD-BAC6-06524C601AD6}.Debug|Any CPU.Build.0 = Debug|Any CPU
		{84B980A0-A75A-48DD-BAC6-06524C601AD6}.Release|Any CPU.ActiveCfg = Release|Any CPU
		{84B980A0-A75A-48DD-BAC6-06524C601AD6}.Release|Any CPU.Build.0 = Release|Any CPU
		{A49BC18B-A24A-4461-8AD6-0EEA76CFE30E}.Debug|Any CPU.ActiveCfg = Debug|Any CPU
		{A49BC18B-A24A-4461-8AD6-0EEA76CFE30E}.Debug|Any CPU.Build.0 = Debug|Any CPU
		{A49BC18B-A24A-4461-8AD6-0EEA76CFE30E}.Release|Any CPU.ActiveCfg = Release|Any CPU
		{A49BC18B-A24A-4461-8AD6-0EEA76CFE30E}.Release|Any CPU.Build.0 = Release|Any CPU
		{10B465DD-F2B6-427A-B22F-F73D3A0CC2E6}.Debug|Any CPU.ActiveCfg = Debug|Any CPU
		{10B465DD-F2B6-427A-B22F-F73D3A0CC2E6}.Debug|Any CPU.Build.0 = Debug|Any CPU
		{10B465DD-F2B6-427A-B22F-F73D3A0CC2E6}.Release|Any CPU.ActiveCfg = Release|Any CPU
		{10B465DD-F2B6-427A-B22F-F73D3A0CC2E6}.Release|Any CPU.Build.0 = Release|Any CPU
		{FB7CF1B3-AECC-4839-989C-A4C28AAF4549}.Debug|Any CPU.ActiveCfg = Debug|Any CPU
		{FB7CF1B3-AECC-4839-989C-A4C28AAF4549}.Debug|Any CPU.Build.0 = Debug|Any CPU
		{FB7CF1B3-AECC-4839-989C-A4C28AAF4549}.Release|Any CPU.ActiveCfg = Release|Any CPU
		{FB7CF1B3-AECC-4839-989C-A4C28AAF4549}.Release|Any CPU.Build.0 = Release|Any CPU
		{3EE3A436-6A3D-43D2-A91D-52ACDB0B23EB}.Debug|Any CPU.ActiveCfg = Debug|Any CPU
		{3EE3A436-6A3D-43D2-A91D-52ACDB0B23EB}.Debug|Any CPU.Build.0 = Debug|Any CPU
		{3EE3A436-6A3D-43D2-A91D-52ACDB0B23EB}.Release|Any CPU.ActiveCfg = Release|Any CPU
		{3EE3A436-6A3D-43D2-A91D-52ACDB0B23EB}.Release|Any CPU.Build.0 = Release|Any CPU
		{7FEA645E-E8C5-4F02-A003-65DDBFB17DC3}.Debug|Any CPU.ActiveCfg = Debug|Any CPU
		{7FEA645E-E8C5-4F02-A003-65DDBFB17DC3}.Debug|Any CPU.Build.0 = Debug|Any CPU
		{7FEA645E-E8C5-4F02-A003-65DDBFB17DC3}.Release|Any CPU.ActiveCfg = Release|Any CPU
		{7FEA645E-E8C5-4F02-A003-65DDBFB17DC3}.Release|Any CPU.Build.0 = Release|Any CPU
		{548C2CC9-AB18-4730-A87B-B766A5CC967B}.Debug|Any CPU.ActiveCfg = Debug|Any CPU
		{548C2CC9-AB18-4730-A87B-B766A5CC967B}.Debug|Any CPU.Build.0 = Debug|Any CPU
		{548C2CC9-AB18-4730-A87B-B766A5CC967B}.Release|Any CPU.ActiveCfg = Release|Any CPU
		{548C2CC9-AB18-4730-A87B-B766A5CC967B}.Release|Any CPU.Build.0 = Release|Any CPU
		{01174D61-FDAB-4F19-9D77-1D5C9876EC91}.Debug|Any CPU.ActiveCfg = Debug|Any CPU
		{01174D61-FDAB-4F19-9D77-1D5C9876EC91}.Debug|Any CPU.Build.0 = Debug|Any CPU
		{01174D61-FDAB-4F19-9D77-1D5C9876EC91}.Release|Any CPU.ActiveCfg = Release|Any CPU
		{01174D61-FDAB-4F19-9D77-1D5C9876EC91}.Release|Any CPU.Build.0 = Release|Any CPU
		{5EA9C19E-194B-4C9B-86FD-9C79190937A7}.Debug|Any CPU.ActiveCfg = Debug|Any CPU
		{5EA9C19E-194B-4C9B-86FD-9C79190937A7}.Debug|Any CPU.Build.0 = Debug|Any CPU
		{5EA9C19E-194B-4C9B-86FD-9C79190937A7}.Release|Any CPU.ActiveCfg = Release|Any CPU
		{5EA9C19E-194B-4C9B-86FD-9C79190937A7}.Release|Any CPU.Build.0 = Release|Any CPU
		{C3BD8E3C-EAA2-477B-8B5F-466438441A62}.Debug|Any CPU.ActiveCfg = Debug|Any CPU
		{C3BD8E3C-EAA2-477B-8B5F-466438441A62}.Debug|Any CPU.Build.0 = Debug|Any CPU
		{C3BD8E3C-EAA2-477B-8B5F-466438441A62}.Release|Any CPU.ActiveCfg = Release|Any CPU
		{C3BD8E3C-EAA2-477B-8B5F-466438441A62}.Release|Any CPU.Build.0 = Release|Any CPU
		{D9E6468B-BF9C-409A-BD76-F612BFD9A4E5}.Debug|Any CPU.ActiveCfg = Debug|Any CPU
		{D9E6468B-BF9C-409A-BD76-F612BFD9A4E5}.Debug|Any CPU.Build.0 = Debug|Any CPU
		{D9E6468B-BF9C-409A-BD76-F612BFD9A4E5}.Release|Any CPU.ActiveCfg = Release|Any CPU
		{D9E6468B-BF9C-409A-BD76-F612BFD9A4E5}.Release|Any CPU.Build.0 = Release|Any CPU
		{2CC26F25-0D2B-4F03-83D0-52F4E7981D2A}.Debug|Any CPU.ActiveCfg = Debug|Any CPU
		{2CC26F25-0D2B-4F03-83D0-52F4E7981D2A}.Debug|Any CPU.Build.0 = Debug|Any CPU
		{2CC26F25-0D2B-4F03-83D0-52F4E7981D2A}.Release|Any CPU.ActiveCfg = Release|Any CPU
		{2CC26F25-0D2B-4F03-83D0-52F4E7981D2A}.Release|Any CPU.Build.0 = Release|Any CPU
		{B7F11F84-0D45-4757-A6E9-583281E6B490}.Debug|Any CPU.ActiveCfg = Debug|Any CPU
		{B7F11F84-0D45-4757-A6E9-583281E6B490}.Debug|Any CPU.Build.0 = Debug|Any CPU
		{B7F11F84-0D45-4757-A6E9-583281E6B490}.Release|Any CPU.ActiveCfg = Release|Any CPU
		{B7F11F84-0D45-4757-A6E9-583281E6B490}.Release|Any CPU.Build.0 = Release|Any CPU
		{AC3505C9-94B5-4B1B-9AF9-0050D0E2C42D}.Debug|Any CPU.ActiveCfg = Debug|Any CPU
		{AC3505C9-94B5-4B1B-9AF9-0050D0E2C42D}.Debug|Any CPU.Build.0 = Debug|Any CPU
		{AC3505C9-94B5-4B1B-9AF9-0050D0E2C42D}.Release|Any CPU.ActiveCfg = Release|Any CPU
		{AC3505C9-94B5-4B1B-9AF9-0050D0E2C42D}.Release|Any CPU.Build.0 = Release|Any CPU
		{49F856D2-1369-4411-93FF-612E6AD7FECB}.Debug|Any CPU.ActiveCfg = Debug|Any CPU
		{49F856D2-1369-4411-93FF-612E6AD7FECB}.Debug|Any CPU.Build.0 = Debug|Any CPU
		{49F856D2-1369-4411-93FF-612E6AD7FECB}.Release|Any CPU.ActiveCfg = Release|Any CPU
		{49F856D2-1369-4411-93FF-612E6AD7FECB}.Release|Any CPU.Build.0 = Release|Any CPU
		{3451FCF4-9FCB-4891-8152-45189DCC2C42}.Debug|Any CPU.ActiveCfg = Debug|Any CPU
		{3451FCF4-9FCB-4891-8152-45189DCC2C42}.Debug|Any CPU.Build.0 = Debug|Any CPU
		{3451FCF4-9FCB-4891-8152-45189DCC2C42}.Release|Any CPU.ActiveCfg = Release|Any CPU
		{3451FCF4-9FCB-4891-8152-45189DCC2C42}.Release|Any CPU.Build.0 = Release|Any CPU
		{ED3E069A-25ED-42EF-93E9-21F372343505}.Debug|Any CPU.ActiveCfg = Debug|Any CPU
		{ED3E069A-25ED-42EF-93E9-21F372343505}.Debug|Any CPU.Build.0 = Debug|Any CPU
		{ED3E069A-25ED-42EF-93E9-21F372343505}.Release|Any CPU.ActiveCfg = Release|Any CPU
		{ED3E069A-25ED-42EF-93E9-21F372343505}.Release|Any CPU.Build.0 = Release|Any CPU
		{FE971CC0-C41D-47AF-8098-D793F0C273FC}.Debug|Any CPU.ActiveCfg = Debug|Any CPU
		{FE971CC0-C41D-47AF-8098-D793F0C273FC}.Debug|Any CPU.Build.0 = Debug|Any CPU
		{FE971CC0-C41D-47AF-8098-D793F0C273FC}.Release|Any CPU.ActiveCfg = Release|Any CPU
		{FE971CC0-C41D-47AF-8098-D793F0C273FC}.Release|Any CPU.Build.0 = Release|Any CPU
		{2A02DCF8-674E-4BD9-90AD-F240CA17D423}.Debug|Any CPU.ActiveCfg = Debug|Any CPU
		{2A02DCF8-674E-4BD9-90AD-F240CA17D423}.Debug|Any CPU.Build.0 = Debug|Any CPU
		{2A02DCF8-674E-4BD9-90AD-F240CA17D423}.Release|Any CPU.ActiveCfg = Release|Any CPU
		{2A02DCF8-674E-4BD9-90AD-F240CA17D423}.Release|Any CPU.Build.0 = Release|Any CPU
		{476BF15A-AFBC-4973-A475-C4DE63EC9A37}.Debug|Any CPU.ActiveCfg = Debug|Any CPU
		{476BF15A-AFBC-4973-A475-C4DE63EC9A37}.Debug|Any CPU.Build.0 = Debug|Any CPU
		{476BF15A-AFBC-4973-A475-C4DE63EC9A37}.Release|Any CPU.ActiveCfg = Release|Any CPU
		{476BF15A-AFBC-4973-A475-C4DE63EC9A37}.Release|Any CPU.Build.0 = Release|Any CPU
		{1B3517B8-37E4-44AD-B476-0736F9C5F6C5}.Debug|Any CPU.ActiveCfg = Debug|Any CPU
		{1B3517B8-37E4-44AD-B476-0736F9C5F6C5}.Debug|Any CPU.Build.0 = Debug|Any CPU
		{1B3517B8-37E4-44AD-B476-0736F9C5F6C5}.Release|Any CPU.ActiveCfg = Release|Any CPU
		{1B3517B8-37E4-44AD-B476-0736F9C5F6C5}.Release|Any CPU.Build.0 = Release|Any CPU
		{B7A58DEE-8DF4-4DDB-A15E-DB510DAE0B6B}.Debug|Any CPU.ActiveCfg = Debug|Any CPU
		{B7A58DEE-8DF4-4DDB-A15E-DB510DAE0B6B}.Debug|Any CPU.Build.0 = Debug|Any CPU
		{B7A58DEE-8DF4-4DDB-A15E-DB510DAE0B6B}.Release|Any CPU.ActiveCfg = Release|Any CPU
		{B7A58DEE-8DF4-4DDB-A15E-DB510DAE0B6B}.Release|Any CPU.Build.0 = Release|Any CPU
		{995FAD5B-29BB-496E-9B49-6811C7515BCA}.Debug|Any CPU.ActiveCfg = Debug|Any CPU
		{995FAD5B-29BB-496E-9B49-6811C7515BCA}.Debug|Any CPU.Build.0 = Debug|Any CPU
		{995FAD5B-29BB-496E-9B49-6811C7515BCA}.Release|Any CPU.ActiveCfg = Release|Any CPU
		{995FAD5B-29BB-496E-9B49-6811C7515BCA}.Release|Any CPU.Build.0 = Release|Any CPU
		{F982B258-09C5-49B1-82F6-5008D3E67C17}.Debug|Any CPU.ActiveCfg = Debug|Any CPU
		{F982B258-09C5-49B1-82F6-5008D3E67C17}.Debug|Any CPU.Build.0 = Debug|Any CPU
		{F982B258-09C5-49B1-82F6-5008D3E67C17}.Release|Any CPU.ActiveCfg = Release|Any CPU
		{F982B258-09C5-49B1-82F6-5008D3E67C17}.Release|Any CPU.Build.0 = Release|Any CPU
		{B5AAF8FA-5B92-4D92-A923-9F540B761094}.Debug|Any CPU.ActiveCfg = Debug|Any CPU
		{B5AAF8FA-5B92-4D92-A923-9F540B761094}.Debug|Any CPU.Build.0 = Debug|Any CPU
		{B5AAF8FA-5B92-4D92-A923-9F540B761094}.Release|Any CPU.ActiveCfg = Release|Any CPU
		{B5AAF8FA-5B92-4D92-A923-9F540B761094}.Release|Any CPU.Build.0 = Release|Any CPU
		{99781EE1-87B3-4A84-B530-CAD525F04F44}.Debug|Any CPU.ActiveCfg = Debug|Any CPU
		{99781EE1-87B3-4A84-B530-CAD525F04F44}.Debug|Any CPU.Build.0 = Debug|Any CPU
		{99781EE1-87B3-4A84-B530-CAD525F04F44}.Release|Any CPU.ActiveCfg = Release|Any CPU
		{99781EE1-87B3-4A84-B530-CAD525F04F44}.Release|Any CPU.Build.0 = Release|Any CPU
		{637D5D9C-0E71-4D82-9DDD-B855BDAB8B63}.Debug|Any CPU.ActiveCfg = Debug|Any CPU
		{637D5D9C-0E71-4D82-9DDD-B855BDAB8B63}.Debug|Any CPU.Build.0 = Debug|Any CPU
		{637D5D9C-0E71-4D82-9DDD-B855BDAB8B63}.Release|Any CPU.ActiveCfg = Release|Any CPU
		{637D5D9C-0E71-4D82-9DDD-B855BDAB8B63}.Release|Any CPU.Build.0 = Release|Any CPU
		{A0AC3C94-127C-4F6B-B6C2-FE352C91C878}.Debug|Any CPU.ActiveCfg = Debug|Any CPU
		{A0AC3C94-127C-4F6B-B6C2-FE352C91C878}.Debug|Any CPU.Build.0 = Debug|Any CPU
		{A0AC3C94-127C-4F6B-B6C2-FE352C91C878}.Release|Any CPU.ActiveCfg = Release|Any CPU
		{A0AC3C94-127C-4F6B-B6C2-FE352C91C878}.Release|Any CPU.Build.0 = Release|Any CPU
		{E0EB5425-B155-4E48-9DB5-54392C07816F}.Debug|Any CPU.ActiveCfg = Debug|Any CPU
		{E0EB5425-B155-4E48-9DB5-54392C07816F}.Debug|Any CPU.Build.0 = Debug|Any CPU
		{E0EB5425-B155-4E48-9DB5-54392C07816F}.Release|Any CPU.ActiveCfg = Release|Any CPU
		{E0EB5425-B155-4E48-9DB5-54392C07816F}.Release|Any CPU.Build.0 = Release|Any CPU
		{9144D54A-2096-43D7-BB85-7BFCBAA8E87E}.Debug|Any CPU.ActiveCfg = Debug|Any CPU
		{9144D54A-2096-43D7-BB85-7BFCBAA8E87E}.Debug|Any CPU.Build.0 = Debug|Any CPU
		{9144D54A-2096-43D7-BB85-7BFCBAA8E87E}.Release|Any CPU.ActiveCfg = Release|Any CPU
		{9144D54A-2096-43D7-BB85-7BFCBAA8E87E}.Release|Any CPU.Build.0 = Release|Any CPU
		{F1BE1C40-B8D4-450E-9E45-BA9B2B4A22BD}.Debug|Any CPU.ActiveCfg = Debug|Any CPU
		{F1BE1C40-B8D4-450E-9E45-BA9B2B4A22BD}.Debug|Any CPU.Build.0 = Debug|Any CPU
		{F1BE1C40-B8D4-450E-9E45-BA9B2B4A22BD}.Release|Any CPU.ActiveCfg = Release|Any CPU
		{F1BE1C40-B8D4-450E-9E45-BA9B2B4A22BD}.Release|Any CPU.Build.0 = Release|Any CPU
		{5F8637EC-0D59-46A0-BC74-FD358AD80A36}.Debug|Any CPU.ActiveCfg = Debug|Any CPU
		{5F8637EC-0D59-46A0-BC74-FD358AD80A36}.Debug|Any CPU.Build.0 = Debug|Any CPU
		{5F8637EC-0D59-46A0-BC74-FD358AD80A36}.Release|Any CPU.ActiveCfg = Release|Any CPU
		{5F8637EC-0D59-46A0-BC74-FD358AD80A36}.Release|Any CPU.Build.0 = Release|Any CPU
	EndGlobalSection
	GlobalSection(SolutionProperties) = preSolution
		HideSolutionNode = FALSE
	EndGlobalSection
	GlobalSection(NestedProjects) = preSolution
		{0AB2402D-091A-4BD6-80A1-0830E8D372EA} = {7BF91122-3DFA-49DF-9FCC-04B144A3FA86}
		{0AEFFBBC-D5D7-4006-A2EE-0BD73D9985F3} = {7BF91122-3DFA-49DF-9FCC-04B144A3FA86}
		{3AACBD72-D847-44DD-B361-EE9E8AD35E35} = {7BF91122-3DFA-49DF-9FCC-04B144A3FA86}
		{71742D49-3BE2-4AFC-9819-8292661DF82D} = {7BF91122-3DFA-49DF-9FCC-04B144A3FA86}
		{DBA7C858-859E-48F6-B74B-C04FD936B6ED} = {71742D49-3BE2-4AFC-9819-8292661DF82D}
		{539FDC44-CA4F-4030-AF41-4369B75FC90E} = {3AACBD72-D847-44DD-B361-EE9E8AD35E35}
		{6DA4E304-9EF0-441B-9C31-42EE2FD2CE43} = {0AEFFBBC-D5D7-4006-A2EE-0BD73D9985F3}
		{7692414C-B754-4EC5-88C9-7CC4D8B1DC12} = {0AEFFBBC-D5D7-4006-A2EE-0BD73D9985F3}
		{129791BD-6BAD-4778-AD6A-91417DBD0782} = {3AACBD72-D847-44DD-B361-EE9E8AD35E35}
		{84B980A0-A75A-48DD-BAC6-06524C601AD6} = {71742D49-3BE2-4AFC-9819-8292661DF82D}
		{A49BC18B-A24A-4461-8AD6-0EEA76CFE30E} = {2BA4805A-5076-4799-AB6E-DCFCC04EAAA8}
		{10B465DD-F2B6-427A-B22F-F73D3A0CC2E6} = {2BA4805A-5076-4799-AB6E-DCFCC04EAAA8}
		{FB7CF1B3-AECC-4839-989C-A4C28AAF4549} = {2BA4805A-5076-4799-AB6E-DCFCC04EAAA8}
		{3EE3A436-6A3D-43D2-A91D-52ACDB0B23EB} = {2BA4805A-5076-4799-AB6E-DCFCC04EAAA8}
		{548C2CC9-AB18-4730-A87B-B766A5CC967B} = {2BA4805A-5076-4799-AB6E-DCFCC04EAAA8}
		{5EA9C19E-194B-4C9B-86FD-9C79190937A7} = {2BA4805A-5076-4799-AB6E-DCFCC04EAAA8}
		{C3BD8E3C-EAA2-477B-8B5F-466438441A62} = {2BA4805A-5076-4799-AB6E-DCFCC04EAAA8}
		{D9E6468B-BF9C-409A-BD76-F612BFD9A4E5} = {2BA4805A-5076-4799-AB6E-DCFCC04EAAA8}
		{2CC26F25-0D2B-4F03-83D0-52F4E7981D2A} = {71742D49-3BE2-4AFC-9819-8292661DF82D}
		{B7F11F84-0D45-4757-A6E9-583281E6B490} = {0AEFFBBC-D5D7-4006-A2EE-0BD73D9985F3}
		{AC3505C9-94B5-4B1B-9AF9-0050D0E2C42D} = {3AACBD72-D847-44DD-B361-EE9E8AD35E35}
		{49F856D2-1369-4411-93FF-612E6AD7FECB} = {2BA4805A-5076-4799-AB6E-DCFCC04EAAA8}
		{3451FCF4-9FCB-4891-8152-45189DCC2C42} = {2BA4805A-5076-4799-AB6E-DCFCC04EAAA8}
		{ED3E069A-25ED-42EF-93E9-21F372343505} = {2BA4805A-5076-4799-AB6E-DCFCC04EAAA8}
		{FE971CC0-C41D-47AF-8098-D793F0C273FC} = {0AEFFBBC-D5D7-4006-A2EE-0BD73D9985F3}
		{F1DCCB79-94F1-4F01-88E8-E8D79715AED9} = {0AB2402D-091A-4BD6-80A1-0830E8D372EA}
		{2A02DCF8-674E-4BD9-90AD-F240CA17D423} = {F1DCCB79-94F1-4F01-88E8-E8D79715AED9}
		{476BF15A-AFBC-4973-A475-C4DE63EC9A37} = {F1DCCB79-94F1-4F01-88E8-E8D79715AED9}
		{1B3517B8-37E4-44AD-B476-0736F9C5F6C5} = {7BF91122-3DFA-49DF-9FCC-04B144A3FA86}
		{6D88CD21-20E6-4C7E-8D3A-D576D30849A1} = {5FB17EED-00ED-473A-93AF-22A799CA1D02}
		{B7A58DEE-8DF4-4DDB-A15E-DB510DAE0B6B} = {6D88CD21-20E6-4C7E-8D3A-D576D30849A1}
		{C614E3FC-D4FD-466E-A3D5-408A49E3043F} = {0AB2402D-091A-4BD6-80A1-0830E8D372EA}
		{995FAD5B-29BB-496E-9B49-6811C7515BCA} = {C614E3FC-D4FD-466E-A3D5-408A49E3043F}
		{F982B258-09C5-49B1-82F6-5008D3E67C17} = {C614E3FC-D4FD-466E-A3D5-408A49E3043F}
		{B5AAF8FA-5B92-4D92-A923-9F540B761094} = {C614E3FC-D4FD-466E-A3D5-408A49E3043F}
		{18208D2F-994C-42E3-94F0-445231C1FBF7} = {CCD2109F-2419-473F-84E8-B1C1CFE61687}
		{3CCC64BE-EC38-4893-AC1E-52A58082850A} = {CCD2109F-2419-473F-84E8-B1C1CFE61687}
		{56B16399-CCE2-43BC-A153-C731AFCB7831} = {CCD2109F-2419-473F-84E8-B1C1CFE61687}
		{0FD5A6AA-94F2-4F2F-9FDA-386F89FECAF1} = {CCD2109F-2419-473F-84E8-B1C1CFE61687}
		{99781EE1-87B3-4A84-B530-CAD525F04F44} = {3CCC64BE-EC38-4893-AC1E-52A58082850A}
		{637D5D9C-0E71-4D82-9DDD-B855BDAB8B63} = {3CCC64BE-EC38-4893-AC1E-52A58082850A}
		{A0AC3C94-127C-4F6B-B6C2-FE352C91C878} = {18208D2F-994C-42E3-94F0-445231C1FBF7}
		{E0EB5425-B155-4E48-9DB5-54392C07816F} = {18208D2F-994C-42E3-94F0-445231C1FBF7}
		{9144D54A-2096-43D7-BB85-7BFCBAA8E87E} = {0FD5A6AA-94F2-4F2F-9FDA-386F89FECAF1}
		{1D05956C-401E-48AF-9A07-14242B6C3E54} = {56B16399-CCE2-43BC-A153-C731AFCB7831}
		{37122071-4B56-4BDD-8A94-41DC9BD0369F} = {56B16399-CCE2-43BC-A153-C731AFCB7831}
		{F1BE1C40-B8D4-450E-9E45-BA9B2B4A22BD} = {37122071-4B56-4BDD-8A94-41DC9BD0369F}
	EndGlobalSection
	GlobalSection(ExtensibilityGlobals) = postSolution
		SolutionGuid = {0C12F85E-D324-4765-93DE-A9454D7A929E}
	EndGlobalSection
EndGlobal
