
Microsoft Visual Studio Solution File, Format Version 12.00
# Visual Studio Version 16
VisualStudioVersion = 16.0.30128.36
MinimumVisualStudioVersion = 10.0.40219.1
Project("{9A19103F-16F7-4668-BE54-9A1E7A4F7556}") = "MaginusLunch.Core", "MaginusLunch.Core\MaginusLunch.Core.csproj", "{C354C469-5005-4B96-805E-FA093391B4FF}"
EndProject
Project("{9A19103F-16F7-4668-BE54-9A1E7A4F7556}") = "MaginusLunch.Core.Test", "MaginusLunch.Core.Test\MaginusLunch.Core.Test.csproj", "{BB5DF2B9-AEBF-4B98-8443-72050336C070}"
EndProject
Global
	GlobalSection(SolutionConfigurationPlatforms) = preSolution
		Debug|Any CPU = Debug|Any CPU
		Release|Any CPU = Release|Any CPU
	EndGlobalSection
	GlobalSection(ProjectConfigurationPlatforms) = postSolution
		{C354C469-5005-4B96-805E-FA093391B4FF}.Debug|Any CPU.ActiveCfg = Debug|Any CPU
		{C354C469-5005-4B96-805E-FA093391B4FF}.Debug|Any CPU.Build.0 = Debug|Any CPU
		{C354C469-5005-4B96-805E-FA093391B4FF}.Release|Any CPU.ActiveCfg = Release|Any CPU
		{C354C469-5005-4B96-805E-FA093391B4FF}.Release|Any CPU.Build.0 = Release|Any CPU
		{BB5DF2B9-AEBF-4B98-8443-72050336C070}.Debug|Any CPU.ActiveCfg = Debug|Any CPU
		{BB5DF2B9-AEBF-4B98-8443-72050336C070}.Debug|Any CPU.Build.0 = Debug|Any CPU
		{BB5DF2B9-AEBF-4B98-8443-72050336C070}.Release|Any CPU.ActiveCfg = Release|Any CPU
		{BB5DF2B9-AEBF-4B98-8443-72050336C070}.Release|Any CPU.Build.0 = Release|Any CPU
	EndGlobalSection
	GlobalSection(SolutionProperties) = preSolution
		HideSolutionNode = FALSE
	EndGlobalSection
	GlobalSection(ExtensibilityGlobals) = postSolution
		SolutionGuid = {258E1F5C-1476-4E1B-8255-AB27C9E39F4F}
	EndGlobalSection
EndGlobal
